
Microsoft Visual Studio Solution File, Format Version 12.00
Project("{FAE04EC0-301F-11D3-BF4B-00C04F79EFBC}") = "SawNaw.Security.Passwords.Nist", "SawNaw.Security.Passwords.Nist\SawNaw.Security.Passwords.Nist.csproj", "{410AB71A-8C54-451A-88C4-AA76FB7B3D9A}"
EndProject
Project("{FAE04EC0-301F-11D3-BF4B-00C04F79EFBC}") = "SawNaw.Security.Passwords.Nist.Tests", "SawNaw.Security.Passwords.Nist.Tests\SawNaw.Security.Passwords.Nist.Tests.csproj", "{86274E9E-4309-4411-A761-306154606105}"
EndProject
Project("{FAE04EC0-301F-11D3-BF4B-00C04F79EFBC}") = "SawNaw.Security.Passwords.Nist.Domain", "SawNaw.Security.Passwords.Nist.Domain\SawNaw.Security.Passwords.Nist.Domain.csproj", "{0DADBF1B-43A7-40B2-880D-7540EB5A41BD}"
EndProject
Project("{2150E333-8FDC-42A3-9474-1A3956D46DE8}") = "src", "src", "{4EF4EEE5-FDAC-41FE-B96B-F42859A03CFE}"
EndProject
Project("{2150E333-8FDC-42A3-9474-1A3956D46DE8}") = "tests", "tests", "{7F7C45CF-6629-478D-924B-9B2BF7B936C6}"
EndProject
Project("{FAE04EC0-301F-11D3-BF4B-00C04F79EFBC}") = "SawNaw.Security.Passwords.Nist.Domain.Tests", "SawNaw.Security.Passwords.Nist.Domain.Tests\SawNaw.Security.Passwords.Nist.Domain.Tests.csproj", "{F5ED5562-D6FA-47F4-81CF-D1B9DD96F42A}"
EndProject
Global
	GlobalSection(SolutionConfigurationPlatforms) = preSolution
		Debug|Any CPU = Debug|Any CPU
		Release|Any CPU = Release|Any CPU
	EndGlobalSection
	GlobalSection(ProjectConfigurationPlatforms) = postSolution
		{410AB71A-8C54-451A-88C4-AA76FB7B3D9A}.Debug|Any CPU.ActiveCfg = Debug|Any CPU
		{410AB71A-8C54-451A-88C4-AA76FB7B3D9A}.Debug|Any CPU.Build.0 = Debug|Any CPU
		{410AB71A-8C54-451A-88C4-AA76FB7B3D9A}.Release|Any CPU.ActiveCfg = Release|Any CPU
		{410AB71A-8C54-451A-88C4-AA76FB7B3D9A}.Release|Any CPU.Build.0 = Release|Any CPU
		{86274E9E-4309-4411-A761-306154606105}.Debug|Any CPU.ActiveCfg = Debug|Any CPU
		{86274E9E-4309-4411-A761-306154606105}.Debug|Any CPU.Build.0 = Debug|Any CPU
		{86274E9E-4309-4411-A761-306154606105}.Release|Any CPU.ActiveCfg = Release|Any CPU
		{86274E9E-4309-4411-A761-306154606105}.Release|Any CPU.Build.0 = Release|Any CPU
		{0DADBF1B-43A7-40B2-880D-7540EB5A41BD}.Debug|Any CPU.ActiveCfg = Debug|Any CPU
		{0DADBF1B-43A7-40B2-880D-7540EB5A41BD}.Debug|Any CPU.Build.0 = Debug|Any CPU
		{0DADBF1B-43A7-40B2-880D-7540EB5A41BD}.Release|Any CPU.ActiveCfg = Release|Any CPU
		{0DADBF1B-43A7-40B2-880D-7540EB5A41BD}.Release|Any CPU.Build.0 = Release|Any CPU
		{F5ED5562-D6FA-47F4-81CF-D1B9DD96F42A}.Debug|Any CPU.ActiveCfg = Debug|Any CPU
		{F5ED5562-D6FA-47F4-81CF-D1B9DD96F42A}.Debug|Any CPU.Build.0 = Debug|Any CPU
		{F5ED5562-D6FA-47F4-81CF-D1B9DD96F42A}.Release|Any CPU.ActiveCfg = Release|Any CPU
		{F5ED5562-D6FA-47F4-81CF-D1B9DD96F42A}.Release|Any CPU.Build.0 = Release|Any CPU
	EndGlobalSection
	GlobalSection(NestedProjects) = preSolution
		{410AB71A-8C54-451A-88C4-AA76FB7B3D9A} = {4EF4EEE5-FDAC-41FE-B96B-F42859A03CFE}
		{0DADBF1B-43A7-40B2-880D-7540EB5A41BD} = {4EF4EEE5-FDAC-41FE-B96B-F42859A03CFE}
		{86274E9E-4309-4411-A761-306154606105} = {7F7C45CF-6629-478D-924B-9B2BF7B936C6}
		{F5ED5562-D6FA-47F4-81CF-D1B9DD96F42A} = {7F7C45CF-6629-478D-924B-9B2BF7B936C6}
	EndGlobalSection
EndGlobal
